{
  "requires": true,
  "lockfileVersion": 1,
  "dependencies": {
    "@types/roll20": {
      "version": "1.0.1",
      "resolved": "https://www.myget.org/F/roll20/npm/@types/roll20/-/@types/roll20-1.0.1.tgz",
      "integrity": "sha1-YlInAU8kgHSPDx8RabvKpUMynmM="
    },
    "@types/roll20-commandshell": {
      "version": "1.0.0",
      "resolved": "https://www.myget.org/F/roll20/npm/@types/roll20-commandshell/-/@types/roll20-commandshell-1.0.0.tgz",
      "integrity": "sha1-nmwRkLVF9R5dfoBjVmnn+dYGK2Y="
    },
    "@types/underscore": {
      "version": "1.8.14",
      "resolved": "https://registry.npmjs.org/@types/underscore/-/underscore-1.8.14.tgz",
      "integrity": "sha512-xbzi6UaATVKupInG3D65/EPQ3qkJCvG2ZAzmlIYt6x93ACOEX2Y0fHW4/e8TF3G7q5KB2l7wTZgzfNjyYDMuZw=="
    }
  }
}
